
Microsoft Visual Studio Solution File, Format Version 12.00
# Visual Studio 15
VisualStudioVersion = 15.0.26730.16
MinimumVisualStudioVersion = 10.0.40219.1
Project("{FAE04EC0-301F-11D3-BF4B-00C04F79EFBC}") = "AutomacaoNet", "AutomacaoNet\AutomacaoNet.csproj", "{D5EC19C9-9467-4941-AA91-741C818D1730}"
EndProject
Project("{FAE04EC0-301F-11D3-BF4B-00C04F79EFBC}") = "AutomacaoNet.Test", "AutomacaoNet.Test\AutomacaoNet.Test.csproj", "{4FD3B82A-4D17-4D50-BED2-20957E762A46}"
EndProject
Project("{FAE04EC0-301F-11D3-BF4B-00C04F79EFBC}") = "ExecutaMigracao", "ExecutaMigracao\ExecutaMigracao.csproj", "{4F6D0F07-0FE6-4829-AE4F-191086DD0463}"
EndProject
Global
	GlobalSection(SolutionConfigurationPlatforms) = preSolution
		Debug|Any CPU = Debug|Any CPU
		Release|Any CPU = Release|Any CPU
	EndGlobalSection
	GlobalSection(ProjectConfigurationPlatforms) = postSolution
		{D5EC19C9-9467-4941-AA91-741C818D1730}.Debug|Any CPU.ActiveCfg = Debug|Any CPU
		{D5EC19C9-9467-4941-AA91-741C818D1730}.Debug|Any CPU.Build.0 = Debug|Any CPU
		{D5EC19C9-9467-4941-AA91-741C818D1730}.Release|Any CPU.ActiveCfg = Release|Any CPU
		{D5EC19C9-9467-4941-AA91-741C818D1730}.Release|Any CPU.Build.0 = Release|Any CPU
		{4FD3B82A-4D17-4D50-BED2-20957E762A46}.Debug|Any CPU.ActiveCfg = Debug|Any CPU
		{4FD3B82A-4D17-4D50-BED2-20957E762A46}.Debug|Any CPU.Build.0 = Debug|Any CPU
		{4FD3B82A-4D17-4D50-BED2-20957E762A46}.Release|Any CPU.ActiveCfg = Release|Any CPU
		{4FD3B82A-4D17-4D50-BED2-20957E762A46}.Release|Any CPU.Build.0 = Release|Any CPU
		{4F6D0F07-0FE6-4829-AE4F-191086DD0463}.Debug|Any CPU.ActiveCfg = Debug|Any CPU
		{4F6D0F07-0FE6-4829-AE4F-191086DD0463}.Debug|Any CPU.Build.0 = Debug|Any CPU
		{4F6D0F07-0FE6-4829-AE4F-191086DD0463}.Release|Any CPU.ActiveCfg = Release|Any CPU
		{4F6D0F07-0FE6-4829-AE4F-191086DD0463}.Release|Any CPU.Build.0 = Release|Any CPU
	EndGlobalSection
	GlobalSection(SolutionProperties) = preSolution
		HideSolutionNode = FALSE
	EndGlobalSection
	GlobalSection(ExtensibilityGlobals) = postSolution
		SolutionGuid = {953C1788-7E22-4A0F-A2AE-4861654E9699}
	EndGlobalSection
EndGlobal
